
Microsoft Visual Studio Solution File, Format Version 12.00
# Visual Studio 15
VisualStudioVersion = 15.0.27703.2026
MinimumVisualStudioVersion = 10.0.40219.1
Project("{FAE04EC0-301F-11D3-BF4B-00C04F79EFBC}") = "ElevatorTest", "ElevatorTest\ElevatorTest.csproj", "{38D8952E-78BB-4186-86EF-3DEB405F904A}"
EndProject
Project("{FAE04EC0-301F-11D3-BF4B-00C04F79EFBC}") = "ElevatorLibrary", "ElevatorLibrary\ElevatorLibrary.csproj", "{D59CB8C9-4FC9-4F9D-8CFF-0F54C767FAA9}"
EndProject
Project("{FAE04EC0-301F-11D3-BF4B-00C04F79EFBC}") = "ElevatorMvc", "ElevatorMvc\ElevatorMvc.csproj", "{98090D7D-EF42-4F5C-BDC8-5618FC04E744}"
EndProject
Global
	GlobalSection(SolutionConfigurationPlatforms) = preSolution
		Debug|Any CPU = Debug|Any CPU
		Release|Any CPU = Release|Any CPU
	EndGlobalSection
	GlobalSection(ProjectConfigurationPlatforms) = postSolution
		{38D8952E-78BB-4186-86EF-3DEB405F904A}.Debug|Any CPU.ActiveCfg = Debug|Any CPU
		{38D8952E-78BB-4186-86EF-3DEB405F904A}.Debug|Any CPU.Build.0 = Debug|Any CPU
		{38D8952E-78BB-4186-86EF-3DEB405F904A}.Release|Any CPU.ActiveCfg = Release|Any CPU
		{38D8952E-78BB-4186-86EF-3DEB405F904A}.Release|Any CPU.Build.0 = Release|Any CPU
		{D59CB8C9-4FC9-4F9D-8CFF-0F54C767FAA9}.Debug|Any CPU.ActiveCfg = Debug|Any CPU
		{D59CB8C9-4FC9-4F9D-8CFF-0F54C767FAA9}.Debug|Any CPU.Build.0 = Debug|Any CPU
		{D59CB8C9-4FC9-4F9D-8CFF-0F54C767FAA9}.Release|Any CPU.ActiveCfg = Release|Any CPU
		{D59CB8C9-4FC9-4F9D-8CFF-0F54C767FAA9}.Release|Any CPU.Build.0 = Release|Any CPU
		{98090D7D-EF42-4F5C-BDC8-5618FC04E744}.Debug|Any CPU.ActiveCfg = Debug|Any CPU
		{98090D7D-EF42-4F5C-BDC8-5618FC04E744}.Debug|Any CPU.Build.0 = Debug|Any CPU
		{98090D7D-EF42-4F5C-BDC8-5618FC04E744}.Release|Any CPU.ActiveCfg = Release|Any CPU
		{98090D7D-EF42-4F5C-BDC8-5618FC04E744}.Release|Any CPU.Build.0 = Release|Any CPU
	EndGlobalSection
	GlobalSection(SolutionProperties) = preSolution
		HideSolutionNode = FALSE
	EndGlobalSection
	GlobalSection(ExtensibilityGlobals) = postSolution
		SolutionGuid = {E53A9BBC-C97B-429A-8E60-4651D1F20524}
	EndGlobalSection
EndGlobal
